
Microsoft Visual Studio Solution File, Format Version 12.00
# Visual Studio 2013
VisualStudioVersion = 12.0.40629.0
MinimumVisualStudioVersion = 10.0.40219.1
Project("{FAE04EC0-301F-11D3-BF4B-00C04F79EFBC}") = "Interfaces", "Interfaces\Interfaces.csproj", "{D7FC9CFB-9494-4079-BB7F-5AFF0B2160EA}"
EndProject
Project("{FAE04EC0-301F-11D3-BF4B-00C04F79EFBC}") = "Models", "Models\Models.csproj", "{2DA3980E-45CD-4567-9981-25161ECB889B}"
EndProject
Project("{FAE04EC0-301F-11D3-BF4B-00C04F79EFBC}") = "TestAPI", "TestAPI\TestAPI.csproj", "{452A7489-C52C-485A-8241-CF0213554DF9}"
EndProject
Project("{FAE04EC0-301F-11D3-BF4B-00C04F79EFBC}") = "Crawler", "Crawler\Crawler.csproj", "{246048B4-596A-4B68-9DB3-2C124344640F}"
EndProject
Project("{FAE04EC0-301F-11D3-BF4B-00C04F79EFBC}") = "Extensions", "Extensions\Extensions.csproj", "{D592ACB6-1C49-4EA9-9A76-A8D378AE6516}"
EndProject
Project("{FAE04EC0-301F-11D3-BF4B-00C04F79EFBC}") = "DataAPI", "DataAPI\DataAPI.csproj", "{58735A6C-F7DE-4B30-BBE2-75BCE8BBDE91}"
EndProject
Global
	GlobalSection(SolutionConfigurationPlatforms) = preSolution
		Debug|Any CPU = Debug|Any CPU
		Release|Any CPU = Release|Any CPU
	EndGlobalSection
	GlobalSection(ProjectConfigurationPlatforms) = postSolution
		{D7FC9CFB-9494-4079-BB7F-5AFF0B2160EA}.Debug|Any CPU.ActiveCfg = Debug|Any CPU
		{D7FC9CFB-9494-4079-BB7F-5AFF0B2160EA}.Debug|Any CPU.Build.0 = Debug|Any CPU
		{D7FC9CFB-9494-4079-BB7F-5AFF0B2160EA}.Release|Any CPU.ActiveCfg = Release|Any CPU
		{D7FC9CFB-9494-4079-BB7F-5AFF0B2160EA}.Release|Any CPU.Build.0 = Release|Any CPU
		{2DA3980E-45CD-4567-9981-25161ECB889B}.Debug|Any CPU.ActiveCfg = Debug|Any CPU
		{2DA3980E-45CD-4567-9981-25161ECB889B}.Debug|Any CPU.Build.0 = Debug|Any CPU
		{2DA3980E-45CD-4567-9981-25161ECB889B}.Release|Any CPU.ActiveCfg = Release|Any CPU
		{2DA3980E-45CD-4567-9981-25161ECB889B}.Release|Any CPU.Build.0 = Release|Any CPU
		{452A7489-C52C-485A-8241-CF0213554DF9}.Debug|Any CPU.ActiveCfg = Debug|Any CPU
		{452A7489-C52C-485A-8241-CF0213554DF9}.Debug|Any CPU.Build.0 = Debug|Any CPU
		{452A7489-C52C-485A-8241-CF0213554DF9}.Release|Any CPU.ActiveCfg = Release|Any CPU
		{452A7489-C52C-485A-8241-CF0213554DF9}.Release|Any CPU.Build.0 = Release|Any CPU
		{246048B4-596A-4B68-9DB3-2C124344640F}.Debug|Any CPU.ActiveCfg = Debug|Any CPU
		{246048B4-596A-4B68-9DB3-2C124344640F}.Debug|Any CPU.Build.0 = Debug|Any CPU
		{246048B4-596A-4B68-9DB3-2C124344640F}.Release|Any CPU.ActiveCfg = Release|Any CPU
		{246048B4-596A-4B68-9DB3-2C124344640F}.Release|Any CPU.Build.0 = Release|Any CPU
		{D592ACB6-1C49-4EA9-9A76-A8D378AE6516}.Debug|Any CPU.ActiveCfg = Debug|Any CPU
		{D592ACB6-1C49-4EA9-9A76-A8D378AE6516}.Debug|Any CPU.Build.0 = Debug|Any CPU
		{D592ACB6-1C49-4EA9-9A76-A8D378AE6516}.Release|Any CPU.ActiveCfg = Release|Any CPU
		{D592ACB6-1C49-4EA9-9A76-A8D378AE6516}.Release|Any CPU.Build.0 = Release|Any CPU
		{58735A6C-F7DE-4B30-BBE2-75BCE8BBDE91}.Debug|Any CPU.ActiveCfg = Debug|Any CPU
		{58735A6C-F7DE-4B30-BBE2-75BCE8BBDE91}.Debug|Any CPU.Build.0 = Debug|Any CPU
		{58735A6C-F7DE-4B30-BBE2-75BCE8BBDE91}.Release|Any CPU.ActiveCfg = Release|Any CPU
		{58735A6C-F7DE-4B30-BBE2-75BCE8BBDE91}.Release|Any CPU.Build.0 = Release|Any CPU
	EndGlobalSection
	GlobalSection(SolutionProperties) = preSolution
		HideSolutionNode = FALSE
	EndGlobalSection
EndGlobal
